
Microsoft Visual Studio Solution File, Format Version 12.00
# Visual Studio Version 16
VisualStudioVersion = 16.0.29411.138
MinimumVisualStudioVersion = 10.0.40219.1
Project("{9A19103F-16F7-4668-BE54-9A1E7A4F7556}") = "MicroDDD.Dominio", "MicroDDD.Dominio\MicroDDD.Dominio.csproj", "{E56A479A-9821-47A4-B3F3-D15E888002F2}"
EndProject
Project("{9A19103F-16F7-4668-BE54-9A1E7A4F7556}") = "MicroDDD.Aplicacao", "MicroDDD.Aplicacao\MicroDDD.Aplicacao.csproj", "{4D666164-7D53-4A9B-9BBB-9894D1C696DA}"
EndProject
Project("{9A19103F-16F7-4668-BE54-9A1E7A4F7556}") = "MicroDDD.Infra", "MicroDDD.Infra\MicroDDD.Infra.csproj", "{CD6B86FF-6F9D-43EB-ACD8-AA5386235EDC}"
EndProject
Project("{9A19103F-16F7-4668-BE54-9A1E7A4F7556}") = "MicroDDD.Infra.IoC", "MicroDDD.Infra.IoC\MicroDDD.Infra.IoC.csproj", "{8845A6A0-3783-427C-AA6E-7AD9D186DB30}"
EndProject
Project("{9A19103F-16F7-4668-BE54-9A1E7A4F7556}") = "MicroDDD.EntityFramework", "MicroDDD.EntityFramework\MicroDDD.EntityFramework.csproj", "{B122B9C2-D668-40B8-A385-DE252953F250}"
EndProject
Global
	GlobalSection(SolutionConfigurationPlatforms) = preSolution
		Debug|Any CPU = Debug|Any CPU
		Release|Any CPU = Release|Any CPU
	EndGlobalSection
	GlobalSection(ProjectConfigurationPlatforms) = postSolution
		{E56A479A-9821-47A4-B3F3-D15E888002F2}.Debug|Any CPU.ActiveCfg = Debug|Any CPU
		{E56A479A-9821-47A4-B3F3-D15E888002F2}.Debug|Any CPU.Build.0 = Debug|Any CPU
		{E56A479A-9821-47A4-B3F3-D15E888002F2}.Release|Any CPU.ActiveCfg = Release|Any CPU
		{E56A479A-9821-47A4-B3F3-D15E888002F2}.Release|Any CPU.Build.0 = Release|Any CPU
		{4D666164-7D53-4A9B-9BBB-9894D1C696DA}.Debug|Any CPU.ActiveCfg = Debug|Any CPU
		{4D666164-7D53-4A9B-9BBB-9894D1C696DA}.Debug|Any CPU.Build.0 = Debug|Any CPU
		{4D666164-7D53-4A9B-9BBB-9894D1C696DA}.Release|Any CPU.ActiveCfg = Release|Any CPU
		{4D666164-7D53-4A9B-9BBB-9894D1C696DA}.Release|Any CPU.Build.0 = Release|Any CPU
		{CD6B86FF-6F9D-43EB-ACD8-AA5386235EDC}.Debug|Any CPU.ActiveCfg = Debug|Any CPU
		{CD6B86FF-6F9D-43EB-ACD8-AA5386235EDC}.Debug|Any CPU.Build.0 = Debug|Any CPU
		{CD6B86FF-6F9D-43EB-ACD8-AA5386235EDC}.Release|Any CPU.ActiveCfg = Release|Any CPU
		{CD6B86FF-6F9D-43EB-ACD8-AA5386235EDC}.Release|Any CPU.Build.0 = Release|Any CPU
		{8845A6A0-3783-427C-AA6E-7AD9D186DB30}.Debug|Any CPU.ActiveCfg = Debug|Any CPU
		{8845A6A0-3783-427C-AA6E-7AD9D186DB30}.Debug|Any CPU.Build.0 = Debug|Any CPU
		{8845A6A0-3783-427C-AA6E-7AD9D186DB30}.Release|Any CPU.ActiveCfg = Release|Any CPU
		{8845A6A0-3783-427C-AA6E-7AD9D186DB30}.Release|Any CPU.Build.0 = Release|Any CPU
		{B122B9C2-D668-40B8-A385-DE252953F250}.Debug|Any CPU.ActiveCfg = Debug|Any CPU
		{B122B9C2-D668-40B8-A385-DE252953F250}.Debug|Any CPU.Build.0 = Debug|Any CPU
		{B122B9C2-D668-40B8-A385-DE252953F250}.Release|Any CPU.ActiveCfg = Release|Any CPU
		{B122B9C2-D668-40B8-A385-DE252953F250}.Release|Any CPU.Build.0 = Release|Any CPU
	EndGlobalSection
	GlobalSection(SolutionProperties) = preSolution
		HideSolutionNode = FALSE
	EndGlobalSection
	GlobalSection(ExtensibilityGlobals) = postSolution
		SolutionGuid = {798BF040-DDFC-474F-8DA0-8CABAD95444D}
	EndGlobalSection
EndGlobal
